{
  "name": "chrome-plugin",
  "lockfileVersion": 3,
  "requires": true,
  "packages": {
    "": {
      "dependencies": {
        "@nebuly-ai/javascript": "^0.1.5"
      }
    },
    "node_modules/@nebuly-ai/javascript": {
      "version": "0.1.5",
      "resolved": "https://registry.npmjs.org/@nebuly-ai/javascript/-/javascript-0.1.5.tgz",
      "integrity": "sha512-n9pIfAo9bDOurSMMA/GgXaO6RNbKitanioJ5VU5RC26N8z68XASHsCVmSMAMmazNntsdy6r9FUGjy6Eo+Yvlig=="
    }
  }
}
