{
  "name": "chrome-plugin",
  "lockfileVersion": 3,
  "requires": true,
  "packages": {
    "": {
      "dependencies": {
        "@nebuly-ai/javascript": "^0.1.1"
      }
    },
    "node_modules/@nebuly-ai/javascript": {
      "version": "0.1.1",
      "resolved": "https://registry.npmjs.org/@nebuly-ai/javascript/-/javascript-0.1.1.tgz",
      "integrity": "sha512-we1bm39XLuFV6GlccOMsrNQIyHYmThw4nZwUQMsyycBI9SS54TrwiciEUdJRShJ88vxkZVLnLe9VCQHy2HxVkg=="
    }
  }
}
